
Microsoft Visual Studio Solution File, Format Version 12.00
# Visual Studio Version 17
VisualStudioVersion = 17.4.33403.182
MinimumVisualStudioVersion = 10.0.40219.1
Project("{2150E333-8FDC-42A3-9474-1A3956D46DE8}") = "API REST", "API REST", "{E35FF2ED-8107-401D-91FE-74669D1E95EA}"
EndProject
Project("{2150E333-8FDC-42A3-9474-1A3956D46DE8}") = "DDD", "DDD", "{129954CA-0702-4875-9690-2B8A0EBD9F17}"
EndProject
Project("{2150E333-8FDC-42A3-9474-1A3956D46DE8}") = "Application", "Application", "{C6F0AFAB-19C6-45FE-BF28-10159E768240}"
EndProject
Project("{2150E333-8FDC-42A3-9474-1A3956D46DE8}") = "Domain", "Domain", "{0D724184-EA95-4869-A141-63E85D564AD5}"
EndProject
Project("{2150E333-8FDC-42A3-9474-1A3956D46DE8}") = "Infraesturcture", "Infraesturcture", "{6C0D02CC-9CB3-4EAA-B0D4-37177D48854E}"
EndProject
Project("{9A19103F-16F7-4668-BE54-9A1E7A4F7556}") = "EstudoDapper.Api", "EstudoDapper.Api\EstudoDapper.Api.csproj", "{0E10C71A-FC10-4D41-B93A-FA9E0D98BBBF}"
EndProject
Project("{9A19103F-16F7-4668-BE54-9A1E7A4F7556}") = "EstudoDapper.Application", "EstudoDapper.Application\EstudoDapper.Application.csproj", "{1C78CFEB-3741-4655-95AB-909D452B5A4F}"
EndProject
Project("{9A19103F-16F7-4668-BE54-9A1E7A4F7556}") = "EstudoDapper.Domain", "EstudoDapper.Domain\EstudoDapper.Domain.csproj", "{E40C0FC4-B317-482C-988D-2C2491FE3A50}"
EndProject
Project("{9A19103F-16F7-4668-BE54-9A1E7A4F7556}") = "EstudoDapper.Infraesturcture.Data", "EstudoDapper.Infraesturcture\EstudoDapper.Infraesturcture.Data.csproj", "{C818BB92-B8D1-44DB-9A00-30F2A2E5CF60}"
EndProject
Project("{2150E333-8FDC-42A3-9474-1A3956D46DE8}") = "TDD", "TDD", "{7C567762-1A21-40D2-A4D7-164E0382EC04}"
EndProject
Project("{2150E333-8FDC-42A3-9474-1A3956D46DE8}") = "Testes Unitarios", "Testes Unitarios", "{E13DEB10-9A66-414A-83C6-BCAC0C50D74B}"
EndProject
Project("{FAE04EC0-301F-11D3-BF4B-00C04F79EFBC}") = "EstudoDapper.Tests", "EstudoDapper.Tests\EstudoDapper.Tests.csproj", "{6FA5775B-CF78-438B-A2A9-35BE1230B4D4}"
EndProject
Project("{FAE04EC0-301F-11D3-BF4B-00C04F79EFBC}") = "EstudoDapper.Domain.Core", "EstudoDapper.Domain.Core\EstudoDapper.Domain.Core.csproj", "{3C4F1FB9-6FD7-45AA-8E1E-494417CDC87E}"
EndProject
Project("{2150E333-8FDC-42A3-9474-1A3956D46DE8}") = "Teste de Integraçao", "Teste de Integraçao", "{85A1A954-FA2B-4B4B-8A14-50B75BC318F5}"
EndProject
Project("{FAE04EC0-301F-11D3-BF4B-00C04F79EFBC}") = "EstudoDapper.Integration.Tests", "EstudoDapper.Integration.Tests\EstudoDapper.Integration.Tests.csproj", "{024AD74A-42A0-4D25-8E66-2E4F967A636B}"
EndProject
Global
	GlobalSection(SolutionConfigurationPlatforms) = preSolution
		Debug|Any CPU = Debug|Any CPU
		Release|Any CPU = Release|Any CPU
	EndGlobalSection
	GlobalSection(ProjectConfigurationPlatforms) = postSolution
		{0E10C71A-FC10-4D41-B93A-FA9E0D98BBBF}.Debug|Any CPU.ActiveCfg = Debug|Any CPU
		{0E10C71A-FC10-4D41-B93A-FA9E0D98BBBF}.Debug|Any CPU.Build.0 = Debug|Any CPU
		{0E10C71A-FC10-4D41-B93A-FA9E0D98BBBF}.Release|Any CPU.ActiveCfg = Release|Any CPU
		{0E10C71A-FC10-4D41-B93A-FA9E0D98BBBF}.Release|Any CPU.Build.0 = Release|Any CPU
		{1C78CFEB-3741-4655-95AB-909D452B5A4F}.Debug|Any CPU.ActiveCfg = Debug|Any CPU
		{1C78CFEB-3741-4655-95AB-909D452B5A4F}.Debug|Any CPU.Build.0 = Debug|Any CPU
		{1C78CFEB-3741-4655-95AB-909D452B5A4F}.Release|Any CPU.ActiveCfg = Release|Any CPU
		{1C78CFEB-3741-4655-95AB-909D452B5A4F}.Release|Any CPU.Build.0 = Release|Any CPU
		{E40C0FC4-B317-482C-988D-2C2491FE3A50}.Debug|Any CPU.ActiveCfg = Debug|Any CPU
		{E40C0FC4-B317-482C-988D-2C2491FE3A50}.Debug|Any CPU.Build.0 = Debug|Any CPU
		{E40C0FC4-B317-482C-988D-2C2491FE3A50}.Release|Any CPU.ActiveCfg = Release|Any CPU
		{E40C0FC4-B317-482C-988D-2C2491FE3A50}.Release|Any CPU.Build.0 = Release|Any CPU
		{C818BB92-B8D1-44DB-9A00-30F2A2E5CF60}.Debug|Any CPU.ActiveCfg = Debug|Any CPU
		{C818BB92-B8D1-44DB-9A00-30F2A2E5CF60}.Debug|Any CPU.Build.0 = Debug|Any CPU
		{C818BB92-B8D1-44DB-9A00-30F2A2E5CF60}.Release|Any CPU.ActiveCfg = Release|Any CPU
		{C818BB92-B8D1-44DB-9A00-30F2A2E5CF60}.Release|Any CPU.Build.0 = Release|Any CPU
		{6FA5775B-CF78-438B-A2A9-35BE1230B4D4}.Debug|Any CPU.ActiveCfg = Debug|Any CPU
		{6FA5775B-CF78-438B-A2A9-35BE1230B4D4}.Debug|Any CPU.Build.0 = Debug|Any CPU
		{6FA5775B-CF78-438B-A2A9-35BE1230B4D4}.Release|Any CPU.ActiveCfg = Release|Any CPU
		{6FA5775B-CF78-438B-A2A9-35BE1230B4D4}.Release|Any CPU.Build.0 = Release|Any CPU
		{3C4F1FB9-6FD7-45AA-8E1E-494417CDC87E}.Debug|Any CPU.ActiveCfg = Debug|Any CPU
		{3C4F1FB9-6FD7-45AA-8E1E-494417CDC87E}.Debug|Any CPU.Build.0 = Debug|Any CPU
		{3C4F1FB9-6FD7-45AA-8E1E-494417CDC87E}.Release|Any CPU.ActiveCfg = Release|Any CPU
		{3C4F1FB9-6FD7-45AA-8E1E-494417CDC87E}.Release|Any CPU.Build.0 = Release|Any CPU
		{024AD74A-42A0-4D25-8E66-2E4F967A636B}.Debug|Any CPU.ActiveCfg = Debug|Any CPU
		{024AD74A-42A0-4D25-8E66-2E4F967A636B}.Debug|Any CPU.Build.0 = Debug|Any CPU
		{024AD74A-42A0-4D25-8E66-2E4F967A636B}.Release|Any CPU.ActiveCfg = Release|Any CPU
		{024AD74A-42A0-4D25-8E66-2E4F967A636B}.Release|Any CPU.Build.0 = Release|Any CPU
	EndGlobalSection
	GlobalSection(SolutionProperties) = preSolution
		HideSolutionNode = FALSE
	EndGlobalSection
	GlobalSection(NestedProjects) = preSolution
		{C6F0AFAB-19C6-45FE-BF28-10159E768240} = {129954CA-0702-4875-9690-2B8A0EBD9F17}
		{0D724184-EA95-4869-A141-63E85D564AD5} = {129954CA-0702-4875-9690-2B8A0EBD9F17}
		{6C0D02CC-9CB3-4EAA-B0D4-37177D48854E} = {129954CA-0702-4875-9690-2B8A0EBD9F17}
		{0E10C71A-FC10-4D41-B93A-FA9E0D98BBBF} = {E35FF2ED-8107-401D-91FE-74669D1E95EA}
		{1C78CFEB-3741-4655-95AB-909D452B5A4F} = {C6F0AFAB-19C6-45FE-BF28-10159E768240}
		{E40C0FC4-B317-482C-988D-2C2491FE3A50} = {0D724184-EA95-4869-A141-63E85D564AD5}
		{C818BB92-B8D1-44DB-9A00-30F2A2E5CF60} = {6C0D02CC-9CB3-4EAA-B0D4-37177D48854E}
		{E13DEB10-9A66-414A-83C6-BCAC0C50D74B} = {7C567762-1A21-40D2-A4D7-164E0382EC04}
		{6FA5775B-CF78-438B-A2A9-35BE1230B4D4} = {E13DEB10-9A66-414A-83C6-BCAC0C50D74B}
		{3C4F1FB9-6FD7-45AA-8E1E-494417CDC87E} = {0D724184-EA95-4869-A141-63E85D564AD5}
		{85A1A954-FA2B-4B4B-8A14-50B75BC318F5} = {7C567762-1A21-40D2-A4D7-164E0382EC04}
		{024AD74A-42A0-4D25-8E66-2E4F967A636B} = {85A1A954-FA2B-4B4B-8A14-50B75BC318F5}
	EndGlobalSection
	GlobalSection(ExtensibilityGlobals) = postSolution
		SolutionGuid = {6F9C888A-24F2-4449-AD75-EBB1F466062B}
	EndGlobalSection
EndGlobal
